{
  "name": "test-queue-run",
  "lockfileVersion": 2,
  "requires": true,
  "packages": {
    "": {
      "devDependencies": {
        "queue-run": "^0.14.0"
      }
    },
    "node_modules/@peculiar/asn1-schema": {
      "version": "2.1.7",
      "resolved": "https://registry.npmjs.org/@peculiar/asn1-schema/-/asn1-schema-2.1.7.tgz",
      "integrity": "sha512-RxnHrl7WgNxWPsGeSw7YUGTS3s5En7JwhdOilRpEShQJQ9TH8v1nZtslyZGX5GxgUJ1P4dnRsCnt7R5EYmvtUg==",
      "dev": true,
      "dependencies": {
        "asn1js": "^3.0.3",
        "pvtsutils": "^1.3.2",
        "tslib": "^2.4.0"
      }
    },
    "node_modules/@peculiar/json-schema": {
      "version": "1.1.12",
      "resolved": "https://registry.npmjs.org/@peculiar/json-schema/-/json-schema-1.1.12.tgz",
      "integrity": "sha512-coUfuoMeIB7B8/NMekxaDzLhaYmp0HZNPEjYRm9goRou8UZIC3z21s0sL9AWoCw4EG876QyO3kYrc61WNF9B/w==",
      "dev": true,
      "dependencies": {
        "tslib": "^2.0.0"
      },
      "engines": {
        "node": ">=8.0.0"
      }
    },
    "node_modules/@peculiar/webcrypto": {
      "version": "1.4.0",
      "resolved": "https://registry.npmjs.org/@peculiar/webcrypto/-/webcrypto-1.4.0.tgz",
      "integrity": "sha512-U58N44b2m3OuTgpmKgf0LPDOmP3bhwNz01vAnj1mBwxBASRhptWYK+M3zG+HBkDqGQM+bFsoIihTW8MdmPXEqg==",
      "dev": true,
      "dependencies": {
        "@peculiar/asn1-schema": "^2.1.6",
        "@peculiar/json-schema": "^1.1.12",
        "pvtsutils": "^1.3.2",
        "tslib": "^2.4.0",
        "webcrypto-core": "^1.7.4"
      },
      "engines": {
        "node": ">=10.12.0"
      }
    },
    "node_modules/asn1js": {
      "version": "3.0.3",
      "resolved": "https://registry.npmjs.org/asn1js/-/asn1js-3.0.3.tgz",
      "integrity": "sha512-Oz62ld3K3n6KlRUr4iZSMbSFDDPCW84G1yX7b/gWK5a0Ka7ZYOmCxFpu91lFdQygkBi2Hgoft1/WxRqFrONqLA==",
      "dev": true,
      "dependencies": {
        "pvtsutils": "^1.3.2",
        "pvutils": "^1.1.3",
        "tslib": "^2.4.0"
      },
      "engines": {
        "node": ">=12.0.0"
      }
    },
    "node_modules/buffer-equal-constant-time": {
      "version": "1.0.1",
      "resolved": "https://registry.npmjs.org/buffer-equal-constant-time/-/buffer-equal-constant-time-1.0.1.tgz",
      "integrity": "sha512-zRpUiDwd/xk6ADqPMATG8vc9VPrkck7T07OIx0gnjmJAnHnTVXNQG3vfvWNuiZIkwu9KrKdA1iJKfsfTVxE6NA==",
      "dev": true
    },
    "node_modules/buffer-from": {
      "version": "1.1.2",
      "resolved": "https://registry.npmjs.org/buffer-from/-/buffer-from-1.1.2.tgz",
      "integrity": "sha512-E+XQCRwSbaaiChtv6k6Dwgc+bx+Bs6vuKJHHl5kox/BaKbhiXzqQOwK4cO22yElGp2OCmjwVhT3HmxgyPGnJfQ==",
      "dev": true
    },
    "node_modules/chalk": {
      "version": "5.0.1",
      "resolved": "https://registry.npmjs.org/chalk/-/chalk-5.0.1.tgz",
      "integrity": "sha512-Fo07WOYGqMfCWHOzSXOt2CxDbC6skS/jO9ynEcmpANMoPrD+W1r1K6Vx7iNm+AQmETU1Xr2t+n8nzkV9t6xh3w==",
      "dev": true,
      "engines": {
        "node": "^12.17.0 || ^14.13 || >=16.0.0"
      },
      "funding": {
        "url": "https://github.com/chalk/chalk?sponsor=1"
      }
    },
    "node_modules/data-uri-to-buffer": {
      "version": "4.0.0",
      "resolved": "https://registry.npmjs.org/data-uri-to-buffer/-/data-uri-to-buffer-4.0.0.tgz",
      "integrity": "sha512-Vr3mLBA8qWmcuschSLAOogKgQ/Jwxulv3RNE4FXnYWRGujzrRWQI4m12fQqRkwX06C0KanhLr4hK+GydchZsaA==",
      "dev": true,
      "engines": {
        "node": ">= 12"
      }
    },
    "node_modules/ecdsa-sig-formatter": {
      "version": "1.0.11",
      "resolved": "https://registry.npmjs.org/ecdsa-sig-formatter/-/ecdsa-sig-formatter-1.0.11.tgz",
      "integrity": "sha512-nagl3RYrbNv6kQkeJIpt6NJZy8twLB/2vtz6yN9Z4vRKHN4/QZJIEbqohALSgwKdnksuY3k5Addp5lg8sVoVcQ==",
      "dev": true,
      "dependencies": {
        "safe-buffer": "^5.0.1"
      }
    },
    "node_modules/fetch-blob": {
      "version": "3.1.5",
      "resolved": "https://registry.npmjs.org/fetch-blob/-/fetch-blob-3.1.5.tgz",
      "integrity": "sha512-N64ZpKqoLejlrwkIAnb9iLSA3Vx/kjgzpcDhygcqJ2KKjky8nCgUQ+dzXtbrLaWZGZNmNfQTsiQ0weZ1svglHg==",
      "dev": true,
      "funding": [
        {
          "type": "github",
          "url": "https://github.com/sponsors/jimmywarting"
        },
        {
          "type": "paypal",
          "url": "https://paypal.me/jimmywarting"
        }
      ],
      "dependencies": {
        "node-domexception": "^1.0.0",
        "web-streams-polyfill": "^3.0.3"
      },
      "engines": {
        "node": "^12.20 || >= 14.13"
      }
    },
    "node_modules/filesize": {
      "version": "8.0.7",
      "resolved": "https://registry.npmjs.org/filesize/-/filesize-8.0.7.tgz",
      "integrity": "sha512-pjmC+bkIF8XI7fWaH8KxHcZL3DPybs1roSKP4rKDvy20tAWwIObE4+JIseG2byfGKhud5ZnM4YSGKBz7Sh0ndQ==",
      "dev": true,
      "engines": {
        "node": ">= 0.4.0"
      }
    },
    "node_modules/formdata-polyfill": {
      "version": "4.0.10",
      "resolved": "https://registry.npmjs.org/formdata-polyfill/-/formdata-polyfill-4.0.10.tgz",
      "integrity": "sha512-buewHzMvYL29jdeQTVILecSaZKnt/RJWjoZCF5OW60Z67/GmSLBkOFM7qh1PI3zFNtJbaZL5eQu1vLfazOwj4g==",
      "dev": true,
      "dependencies": {
        "fetch-blob": "^3.1.2"
      },
      "engines": {
        "node": ">=12.20.0"
      }
    },
    "node_modules/jwa": {
      "version": "2.0.0",
      "resolved": "https://registry.npmjs.org/jwa/-/jwa-2.0.0.tgz",
      "integrity": "sha512-jrZ2Qx916EA+fq9cEAeCROWPTfCwi1IVHqT2tapuqLEVVDKFDENFw1oL+MwrTvH6msKxsd1YTDVw6uKEcsrLEA==",
      "dev": true,
      "dependencies": {
        "buffer-equal-constant-time": "1.0.1",
        "ecdsa-sig-formatter": "1.0.11",
        "safe-buffer": "^5.0.1"
      }
    },
    "node_modules/jws": {
      "version": "4.0.0",
      "resolved": "https://registry.npmjs.org/jws/-/jws-4.0.0.tgz",
      "integrity": "sha512-KDncfTmOZoOMTFG4mBlG0qUIOlc03fmzH+ru6RgYVZhPkyiy/92Owlt/8UEN+a4TXR1FQetfIpJE8ApdvdVxTg==",
      "dev": true,
      "dependencies": {
        "jwa": "^2.0.0",
        "safe-buffer": "^5.0.1"
      }
    },
    "node_modules/node-abort-controller": {
      "version": "3.0.1",
      "resolved": "https://registry.npmjs.org/node-abort-controller/-/node-abort-controller-3.0.1.tgz",
      "integrity": "sha512-/ujIVxthRs+7q6hsdjHMaj8hRG9NuWmwrz+JdRwZ14jdFoKSkm+vDsCbF9PLpnSqjaWQJuTmVtcWHNLr+vrOFw==",
      "dev": true
    },
    "node_modules/node-domexception": {
      "version": "1.0.0",
      "resolved": "https://registry.npmjs.org/node-domexception/-/node-domexception-1.0.0.tgz",
      "integrity": "sha512-/jKZoMpw0F8GRwl4/eLROPA3cfcXtLApP0QzLmUT/HuPCZWyB7IY9ZrMeKw2O/nFIqPQB3PVM9aYm0F312AXDQ==",
      "dev": true,
      "funding": [
        {
          "type": "github",
          "url": "https://github.com/sponsors/jimmywarting"
        },
        {
          "type": "github",
          "url": "https://paypal.me/jimmywarting"
        }
      ],
      "engines": {
        "node": ">=10.5.0"
      }
    },
    "node_modules/node-fetch": {
      "version": "3.2.3",
      "resolved": "https://registry.npmjs.org/node-fetch/-/node-fetch-3.2.3.tgz",
      "integrity": "sha512-AXP18u4pidSZ1xYXRDPY/8jdv3RAozIt/WLNR/MBGZAz+xjtlr90RvCnsvHQRiXyWliZF/CpytExp32UU67/SA==",
      "dev": true,
      "dependencies": {
        "data-uri-to-buffer": "^4.0.0",
        "fetch-blob": "^3.1.4",
        "formdata-polyfill": "^4.0.10"
      },
      "engines": {
        "node": "^12.20.0 || ^14.13.1 || >=16.0.0"
      },
      "funding": {
        "type": "opencollective",
        "url": "https://opencollective.com/node-fetch"
      }
    },
    "node_modules/path-to-regexp": {
      "version": "6.2.1",
      "resolved": "https://registry.npmjs.org/path-to-regexp/-/path-to-regexp-6.2.1.tgz",
      "integrity": "sha512-JLyh7xT1kizaEvcaXOQwOc2/Yhw6KZOvPf1S8401UyLk86CU79LN3vl7ztXGm/pZ+YjoyAJ4rxmHwbkBXJX+yw==",
      "dev": true
    },
    "node_modules/pvtsutils": {
      "version": "1.3.2",
      "resolved": "https://registry.npmjs.org/pvtsutils/-/pvtsutils-1.3.2.tgz",
      "integrity": "sha512-+Ipe2iNUyrZz+8K/2IOo+kKikdtfhRKzNpQbruF2URmqPtoqAs8g3xS7TJvFF2GcPXjh7DkqMnpVveRFq4PgEQ==",
      "dev": true,
      "dependencies": {
        "tslib": "^2.4.0"
      }
    },
    "node_modules/pvutils": {
      "version": "1.1.3",
      "resolved": "https://registry.npmjs.org/pvutils/-/pvutils-1.1.3.tgz",
      "integrity": "sha512-pMpnA0qRdFp32b1sJl1wOJNxZLQ2cbQx+k6tjNtZ8CpvVhNqEPRgivZ2WOUev2YMajecdH7ctUPDvEe87nariQ==",
      "dev": true,
      "engines": {
        "node": ">=6.0.0"
      }
    },
    "node_modules/queue-run": {
      "version": "0.14.0",
      "resolved": "https://registry.npmjs.org/queue-run/-/queue-run-0.14.0.tgz",
      "integrity": "sha512-HmL0Q6JbPhOn7U7jpSPmrwsfA+bMVuEuuQVntWnEu7g05s3CirHfQglS3Am0k1CQuYukZS1ErfJlPG5xWy2JGQ==",
      "dev": true,
      "dependencies": {
        "@peculiar/webcrypto": "^1.3.3",
        "chalk": "5.0.1",
        "fetch-blob": "^3.1.5",
        "filesize": "^8.0.7",
        "jws": "^4.0.0",
        "node-abort-controller": "^3.0.1",
        "node-fetch": "3.2.3",
        "path-to-regexp": "^6.2.0",
        "source-map-support": "^0.5.21",
        "tiny-invariant": "^1.2.0",
        "uuid": "^8.3.2",
        "xmlbuilder": "^15.1.1"
      },
      "bin": {
        "queue-run": "bin/cli.js"
      },
      "engines": {
        "node": "14.x"
      }
    },
    "node_modules/safe-buffer": {
      "version": "5.2.1",
      "resolved": "https://registry.npmjs.org/safe-buffer/-/safe-buffer-5.2.1.tgz",
      "integrity": "sha512-rp3So07KcdmmKbGvgaNxQSJr7bGVSVk5S9Eq1F+ppbRo70+YeaDxkw5Dd8NPN+GD6bjnYm2VuPuCXmpuYvmCXQ==",
      "dev": true,
      "funding": [
        {
          "type": "github",
          "url": "https://github.com/sponsors/feross"
        },
        {
          "type": "patreon",
          "url": "https://www.patreon.com/feross"
        },
        {
          "type": "consulting",
          "url": "https://feross.org/support"
        }
      ]
    },
    "node_modules/source-map": {
      "version": "0.6.1",
      "resolved": "https://registry.npmjs.org/source-map/-/source-map-0.6.1.tgz",
      "integrity": "sha512-UjgapumWlbMhkBgzT7Ykc5YXUT46F0iKu8SGXq0bcwP5dz/h0Plj6enJqjz1Zbq2l5WaqYnrVbwWOWMyF3F47g==",
      "dev": true,
      "engines": {
        "node": ">=0.10.0"
      }
    },
    "node_modules/source-map-support": {
      "version": "0.5.21",
      "resolved": "https://registry.npmjs.org/source-map-support/-/source-map-support-0.5.21.tgz",
      "integrity": "sha512-uBHU3L3czsIyYXKX88fdrGovxdSCoTGDRZ6SYXtSRxLZUzHg5P/66Ht6uoUlHu9EZod+inXhKo3qQgwXUT/y1w==",
      "dev": true,
      "dependencies": {
        "buffer-from": "^1.0.0",
        "source-map": "^0.6.0"
      }
    },
    "node_modules/tiny-invariant": {
      "version": "1.2.0",
      "resolved": "https://registry.npmjs.org/tiny-invariant/-/tiny-invariant-1.2.0.tgz",
      "integrity": "sha512-1Uhn/aqw5C6RI4KejVeTg6mIS7IqxnLJ8Mv2tV5rTc0qWobay7pDUz6Wi392Cnc8ak1H0F2cjoRzb2/AW4+Fvg==",
      "dev": true
    },
    "node_modules/tslib": {
      "version": "2.4.0",
      "resolved": "https://registry.npmjs.org/tslib/-/tslib-2.4.0.tgz",
      "integrity": "sha512-d6xOpEDfsi2CZVlPQzGeux8XMwLT9hssAsaPYExaQMuYskwb+x1x7J371tWlbBdWHroy99KnVB6qIkUbs5X3UQ==",
      "dev": true
    },
    "node_modules/uuid": {
      "version": "8.3.2",
      "resolved": "https://registry.npmjs.org/uuid/-/uuid-8.3.2.tgz",
      "integrity": "sha512-+NYs2QeMWy+GWFOEm9xnn6HCDp0l7QBD7ml8zLUmJ+93Q5NF0NocErnwkTkXVFNiX3/fpC6afS8Dhb/gz7R7eg==",
      "dev": true,
      "bin": {
        "uuid": "dist/bin/uuid"
      }
    },
    "node_modules/web-streams-polyfill": {
      "version": "3.2.1",
      "resolved": "https://registry.npmjs.org/web-streams-polyfill/-/web-streams-polyfill-3.2.1.tgz",
      "integrity": "sha512-e0MO3wdXWKrLbL0DgGnUV7WHVuw9OUvL4hjgnPkIeEvESk74gAITi5G606JtZPp39cd8HA9VQzCIvA49LpPN5Q==",
      "dev": true,
      "engines": {
        "node": ">= 8"
      }
    },
    "node_modules/webcrypto-core": {
      "version": "1.7.5",
      "resolved": "https://registry.npmjs.org/webcrypto-core/-/webcrypto-core-1.7.5.tgz",
      "integrity": "sha512-gaExY2/3EHQlRNNNVSrbG2Cg94Rutl7fAaKILS1w8ZDhGxdFOaw6EbCfHIxPy9vt/xwp5o0VQAx9aySPF6hU1A==",
      "dev": true,
      "dependencies": {
        "@peculiar/asn1-schema": "^2.1.6",
        "@peculiar/json-schema": "^1.1.12",
        "asn1js": "^3.0.1",
        "pvtsutils": "^1.3.2",
        "tslib": "^2.4.0"
      }
    },
    "node_modules/xmlbuilder": {
      "version": "15.1.1",
      "resolved": "https://registry.npmjs.org/xmlbuilder/-/xmlbuilder-15.1.1.tgz",
      "integrity": "sha512-yMqGBqtXyeN1e3TGYvgNgDVZ3j84W4cwkOXQswghol6APgZWaff9lnbvN7MHYJOiXsvGPXtjTYJEiC9J2wv9Eg==",
      "dev": true,
      "engines": {
        "node": ">=8.0"
      }
    }
  },
  "dependencies": {
    "@peculiar/asn1-schema": {
      "version": "2.1.7",
      "resolved": "https://registry.npmjs.org/@peculiar/asn1-schema/-/asn1-schema-2.1.7.tgz",
      "integrity": "sha512-RxnHrl7WgNxWPsGeSw7YUGTS3s5En7JwhdOilRpEShQJQ9TH8v1nZtslyZGX5GxgUJ1P4dnRsCnt7R5EYmvtUg==",
      "dev": true,
      "requires": {
        "asn1js": "^3.0.3",
        "pvtsutils": "^1.3.2",
        "tslib": "^2.4.0"
      }
    },
    "@peculiar/json-schema": {
      "version": "1.1.12",
      "resolved": "https://registry.npmjs.org/@peculiar/json-schema/-/json-schema-1.1.12.tgz",
      "integrity": "sha512-coUfuoMeIB7B8/NMekxaDzLhaYmp0HZNPEjYRm9goRou8UZIC3z21s0sL9AWoCw4EG876QyO3kYrc61WNF9B/w==",
      "dev": true,
      "requires": {
        "tslib": "^2.0.0"
      }
    },
    "@peculiar/webcrypto": {
      "version": "1.4.0",
      "resolved": "https://registry.npmjs.org/@peculiar/webcrypto/-/webcrypto-1.4.0.tgz",
      "integrity": "sha512-U58N44b2m3OuTgpmKgf0LPDOmP3bhwNz01vAnj1mBwxBASRhptWYK+M3zG+HBkDqGQM+bFsoIihTW8MdmPXEqg==",
      "dev": true,
      "requires": {
        "@peculiar/asn1-schema": "^2.1.6",
        "@peculiar/json-schema": "^1.1.12",
        "pvtsutils": "^1.3.2",
        "tslib": "^2.4.0",
        "webcrypto-core": "^1.7.4"
      }
    },
    "asn1js": {
      "version": "3.0.3",
      "resolved": "https://registry.npmjs.org/asn1js/-/asn1js-3.0.3.tgz",
      "integrity": "sha512-Oz62ld3K3n6KlRUr4iZSMbSFDDPCW84G1yX7b/gWK5a0Ka7ZYOmCxFpu91lFdQygkBi2Hgoft1/WxRqFrONqLA==",
      "dev": true,
      "requires": {
        "pvtsutils": "^1.3.2",
        "pvutils": "^1.1.3",
        "tslib": "^2.4.0"
      }
    },
    "buffer-equal-constant-time": {
      "version": "1.0.1",
      "resolved": "https://registry.npmjs.org/buffer-equal-constant-time/-/buffer-equal-constant-time-1.0.1.tgz",
      "integrity": "sha512-zRpUiDwd/xk6ADqPMATG8vc9VPrkck7T07OIx0gnjmJAnHnTVXNQG3vfvWNuiZIkwu9KrKdA1iJKfsfTVxE6NA==",
      "dev": true
    },
    "buffer-from": {
      "version": "1.1.2",
      "resolved": "https://registry.npmjs.org/buffer-from/-/buffer-from-1.1.2.tgz",
      "integrity": "sha512-E+XQCRwSbaaiChtv6k6Dwgc+bx+Bs6vuKJHHl5kox/BaKbhiXzqQOwK4cO22yElGp2OCmjwVhT3HmxgyPGnJfQ==",
      "dev": true
    },
    "chalk": {
      "version": "5.0.1",
      "resolved": "https://registry.npmjs.org/chalk/-/chalk-5.0.1.tgz",
      "integrity": "sha512-Fo07WOYGqMfCWHOzSXOt2CxDbC6skS/jO9ynEcmpANMoPrD+W1r1K6Vx7iNm+AQmETU1Xr2t+n8nzkV9t6xh3w==",
      "dev": true
    },
    "data-uri-to-buffer": {
      "version": "4.0.0",
      "resolved": "https://registry.npmjs.org/data-uri-to-buffer/-/data-uri-to-buffer-4.0.0.tgz",
      "integrity": "sha512-Vr3mLBA8qWmcuschSLAOogKgQ/Jwxulv3RNE4FXnYWRGujzrRWQI4m12fQqRkwX06C0KanhLr4hK+GydchZsaA==",
      "dev": true
    },
    "ecdsa-sig-formatter": {
      "version": "1.0.11",
      "resolved": "https://registry.npmjs.org/ecdsa-sig-formatter/-/ecdsa-sig-formatter-1.0.11.tgz",
      "integrity": "sha512-nagl3RYrbNv6kQkeJIpt6NJZy8twLB/2vtz6yN9Z4vRKHN4/QZJIEbqohALSgwKdnksuY3k5Addp5lg8sVoVcQ==",
      "dev": true,
      "requires": {
        "safe-buffer": "^5.0.1"
      }
    },
    "fetch-blob": {
      "version": "3.1.5",
      "resolved": "https://registry.npmjs.org/fetch-blob/-/fetch-blob-3.1.5.tgz",
      "integrity": "sha512-N64ZpKqoLejlrwkIAnb9iLSA3Vx/kjgzpcDhygcqJ2KKjky8nCgUQ+dzXtbrLaWZGZNmNfQTsiQ0weZ1svglHg==",
      "dev": true,
      "requires": {
        "node-domexception": "^1.0.0",
        "web-streams-polyfill": "^3.0.3"
      }
    },
    "filesize": {
      "version": "8.0.7",
      "resolved": "https://registry.npmjs.org/filesize/-/filesize-8.0.7.tgz",
      "integrity": "sha512-pjmC+bkIF8XI7fWaH8KxHcZL3DPybs1roSKP4rKDvy20tAWwIObE4+JIseG2byfGKhud5ZnM4YSGKBz7Sh0ndQ==",
      "dev": true
    },
    "formdata-polyfill": {
      "version": "4.0.10",
      "resolved": "https://registry.npmjs.org/formdata-polyfill/-/formdata-polyfill-4.0.10.tgz",
      "integrity": "sha512-buewHzMvYL29jdeQTVILecSaZKnt/RJWjoZCF5OW60Z67/GmSLBkOFM7qh1PI3zFNtJbaZL5eQu1vLfazOwj4g==",
      "dev": true,
      "requires": {
        "fetch-blob": "^3.1.2"
      }
    },
    "jwa": {
      "version": "2.0.0",
      "resolved": "https://registry.npmjs.org/jwa/-/jwa-2.0.0.tgz",
      "integrity": "sha512-jrZ2Qx916EA+fq9cEAeCROWPTfCwi1IVHqT2tapuqLEVVDKFDENFw1oL+MwrTvH6msKxsd1YTDVw6uKEcsrLEA==",
      "dev": true,
      "requires": {
        "buffer-equal-constant-time": "1.0.1",
        "ecdsa-sig-formatter": "1.0.11",
        "safe-buffer": "^5.0.1"
      }
    },
    "jws": {
      "version": "4.0.0",
      "resolved": "https://registry.npmjs.org/jws/-/jws-4.0.0.tgz",
      "integrity": "sha512-KDncfTmOZoOMTFG4mBlG0qUIOlc03fmzH+ru6RgYVZhPkyiy/92Owlt/8UEN+a4TXR1FQetfIpJE8ApdvdVxTg==",
      "dev": true,
      "requires": {
        "jwa": "^2.0.0",
        "safe-buffer": "^5.0.1"
      }
    },
    "node-abort-controller": {
      "version": "3.0.1",
      "resolved": "https://registry.npmjs.org/node-abort-controller/-/node-abort-controller-3.0.1.tgz",
      "integrity": "sha512-/ujIVxthRs+7q6hsdjHMaj8hRG9NuWmwrz+JdRwZ14jdFoKSkm+vDsCbF9PLpnSqjaWQJuTmVtcWHNLr+vrOFw==",
      "dev": true
    },
    "node-domexception": {
      "version": "1.0.0",
      "resolved": "https://registry.npmjs.org/node-domexception/-/node-domexception-1.0.0.tgz",
      "integrity": "sha512-/jKZoMpw0F8GRwl4/eLROPA3cfcXtLApP0QzLmUT/HuPCZWyB7IY9ZrMeKw2O/nFIqPQB3PVM9aYm0F312AXDQ==",
      "dev": true
    },
    "node-fetch": {
      "version": "3.2.3",
      "resolved": "https://registry.npmjs.org/node-fetch/-/node-fetch-3.2.3.tgz",
      "integrity": "sha512-AXP18u4pidSZ1xYXRDPY/8jdv3RAozIt/WLNR/MBGZAz+xjtlr90RvCnsvHQRiXyWliZF/CpytExp32UU67/SA==",
      "dev": true,
      "requires": {
        "data-uri-to-buffer": "^4.0.0",
        "fetch-blob": "^3.1.4",
        "formdata-polyfill": "^4.0.10"
      }
    },
    "path-to-regexp": {
      "version": "6.2.1",
      "resolved": "https://registry.npmjs.org/path-to-regexp/-/path-to-regexp-6.2.1.tgz",
      "integrity": "sha512-JLyh7xT1kizaEvcaXOQwOc2/Yhw6KZOvPf1S8401UyLk86CU79LN3vl7ztXGm/pZ+YjoyAJ4rxmHwbkBXJX+yw==",
      "dev": true
    },
    "pvtsutils": {
      "version": "1.3.2",
      "resolved": "https://registry.npmjs.org/pvtsutils/-/pvtsutils-1.3.2.tgz",
      "integrity": "sha512-+Ipe2iNUyrZz+8K/2IOo+kKikdtfhRKzNpQbruF2URmqPtoqAs8g3xS7TJvFF2GcPXjh7DkqMnpVveRFq4PgEQ==",
      "dev": true,
      "requires": {
        "tslib": "^2.4.0"
      }
    },
    "pvutils": {
      "version": "1.1.3",
      "resolved": "https://registry.npmjs.org/pvutils/-/pvutils-1.1.3.tgz",
      "integrity": "sha512-pMpnA0qRdFp32b1sJl1wOJNxZLQ2cbQx+k6tjNtZ8CpvVhNqEPRgivZ2WOUev2YMajecdH7ctUPDvEe87nariQ==",
      "dev": true
    },
    "queue-run": {
      "version": "0.14.0",
      "resolved": "https://registry.npmjs.org/queue-run/-/queue-run-0.14.0.tgz",
      "integrity": "sha512-HmL0Q6JbPhOn7U7jpSPmrwsfA+bMVuEuuQVntWnEu7g05s3CirHfQglS3Am0k1CQuYukZS1ErfJlPG5xWy2JGQ==",
      "dev": true,
      "requires": {
        "@peculiar/webcrypto": "^1.3.3",
        "chalk": "5.0.1",
        "fetch-blob": "^3.1.5",
        "filesize": "^8.0.7",
        "jws": "^4.0.0",
        "node-abort-controller": "^3.0.1",
        "node-fetch": "3.2.3",
        "path-to-regexp": "^6.2.0",
        "source-map-support": "^0.5.21",
        "tiny-invariant": "^1.2.0",
        "uuid": "^8.3.2",
        "xmlbuilder": "^15.1.1"
      }
    },
    "safe-buffer": {
      "version": "5.2.1",
      "resolved": "https://registry.npmjs.org/safe-buffer/-/safe-buffer-5.2.1.tgz",
      "integrity": "sha512-rp3So07KcdmmKbGvgaNxQSJr7bGVSVk5S9Eq1F+ppbRo70+YeaDxkw5Dd8NPN+GD6bjnYm2VuPuCXmpuYvmCXQ==",
      "dev": true
    },
    "source-map": {
      "version": "0.6.1",
      "resolved": "https://registry.npmjs.org/source-map/-/source-map-0.6.1.tgz",
      "integrity": "sha512-UjgapumWlbMhkBgzT7Ykc5YXUT46F0iKu8SGXq0bcwP5dz/h0Plj6enJqjz1Zbq2l5WaqYnrVbwWOWMyF3F47g==",
      "dev": true
    },
    "source-map-support": {
      "version": "0.5.21",
      "resolved": "https://registry.npmjs.org/source-map-support/-/source-map-support-0.5.21.tgz",
      "integrity": "sha512-uBHU3L3czsIyYXKX88fdrGovxdSCoTGDRZ6SYXtSRxLZUzHg5P/66Ht6uoUlHu9EZod+inXhKo3qQgwXUT/y1w==",
      "dev": true,
      "requires": {
        "buffer-from": "^1.0.0",
        "source-map": "^0.6.0"
      }
    },
    "tiny-invariant": {
      "version": "1.2.0",
      "resolved": "https://registry.npmjs.org/tiny-invariant/-/tiny-invariant-1.2.0.tgz",
      "integrity": "sha512-1Uhn/aqw5C6RI4KejVeTg6mIS7IqxnLJ8Mv2tV5rTc0qWobay7pDUz6Wi392Cnc8ak1H0F2cjoRzb2/AW4+Fvg==",
      "dev": true
    },
    "tslib": {
      "version": "2.4.0",
      "resolved": "https://registry.npmjs.org/tslib/-/tslib-2.4.0.tgz",
      "integrity": "sha512-d6xOpEDfsi2CZVlPQzGeux8XMwLT9hssAsaPYExaQMuYskwb+x1x7J371tWlbBdWHroy99KnVB6qIkUbs5X3UQ==",
      "dev": true
    },
    "uuid": {
      "version": "8.3.2",
      "resolved": "https://registry.npmjs.org/uuid/-/uuid-8.3.2.tgz",
      "integrity": "sha512-+NYs2QeMWy+GWFOEm9xnn6HCDp0l7QBD7ml8zLUmJ+93Q5NF0NocErnwkTkXVFNiX3/fpC6afS8Dhb/gz7R7eg==",
      "dev": true
    },
    "web-streams-polyfill": {
      "version": "3.2.1",
      "resolved": "https://registry.npmjs.org/web-streams-polyfill/-/web-streams-polyfill-3.2.1.tgz",
      "integrity": "sha512-e0MO3wdXWKrLbL0DgGnUV7WHVuw9OUvL4hjgnPkIeEvESk74gAITi5G606JtZPp39cd8HA9VQzCIvA49LpPN5Q==",
      "dev": true
    },
    "webcrypto-core": {
      "version": "1.7.5",
      "resolved": "https://registry.npmjs.org/webcrypto-core/-/webcrypto-core-1.7.5.tgz",
      "integrity": "sha512-gaExY2/3EHQlRNNNVSrbG2Cg94Rutl7fAaKILS1w8ZDhGxdFOaw6EbCfHIxPy9vt/xwp5o0VQAx9aySPF6hU1A==",
      "dev": true,
      "requires": {
        "@peculiar/asn1-schema": "^2.1.6",
        "@peculiar/json-schema": "^1.1.12",
        "asn1js": "^3.0.1",
        "pvtsutils": "^1.3.2",
        "tslib": "^2.4.0"
      }
    },
    "xmlbuilder": {
      "version": "15.1.1",
      "resolved": "https://registry.npmjs.org/xmlbuilder/-/xmlbuilder-15.1.1.tgz",
      "integrity": "sha512-yMqGBqtXyeN1e3TGYvgNgDVZ3j84W4cwkOXQswghol6APgZWaff9lnbvN7MHYJOiXsvGPXtjTYJEiC9J2wv9Eg==",
      "dev": true
    }
  }
}
